
Microsoft Visual Studio Solution File, Format Version 12.00
# Visual Studio Version 16
VisualStudioVersion = 16.0.31729.503
MinimumVisualStudioVersion = 10.0.40219.1
Project("{FAE04EC0-301F-11D3-BF4B-00C04F79EFBC}") = "SystemCollections", "SystemCollections\SystemCollections.csproj", "{1F4B5476-2BDD-441A-8123-21097B0DC9B9}"
EndProject
Project("{FAE04EC0-301F-11D3-BF4B-00C04F79EFBC}") = "UtilizandoOsSets", "UtilizandoOsSets\UtilizandoOsSets.csproj", "{EB2C2957-5BEA-4083-A84F-D2338183F053}"
EndProject
Global
	GlobalSection(SolutionConfigurationPlatforms) = preSolution
		Debug|Any CPU = Debug|Any CPU
		Release|Any CPU = Release|Any CPU
	EndGlobalSection
	GlobalSection(ProjectConfigurationPlatforms) = postSolution
		{1F4B5476-2BDD-441A-8123-21097B0DC9B9}.Debug|Any CPU.ActiveCfg = Debug|Any CPU
		{1F4B5476-2BDD-441A-8123-21097B0DC9B9}.Debug|Any CPU.Build.0 = Debug|Any CPU
		{1F4B5476-2BDD-441A-8123-21097B0DC9B9}.Release|Any CPU.ActiveCfg = Release|Any CPU
		{1F4B5476-2BDD-441A-8123-21097B0DC9B9}.Release|Any CPU.Build.0 = Release|Any CPU
		{EB2C2957-5BEA-4083-A84F-D2338183F053}.Debug|Any CPU.ActiveCfg = Debug|Any CPU
		{EB2C2957-5BEA-4083-A84F-D2338183F053}.Debug|Any CPU.Build.0 = Debug|Any CPU
		{EB2C2957-5BEA-4083-A84F-D2338183F053}.Release|Any CPU.ActiveCfg = Release|Any CPU
		{EB2C2957-5BEA-4083-A84F-D2338183F053}.Release|Any CPU.Build.0 = Release|Any CPU
	EndGlobalSection
	GlobalSection(SolutionProperties) = preSolution
		HideSolutionNode = FALSE
	EndGlobalSection
	GlobalSection(ExtensibilityGlobals) = postSolution
		SolutionGuid = {8E34887D-AF82-42E5-A957-D9B3A7610A57}
	EndGlobalSection
EndGlobal
